
Microsoft Visual Studio Solution File, Format Version 12.00
# Visual Studio Version 16
VisualStudioVersion = 16.0.28803.202
MinimumVisualStudioVersion = 10.0.40219.1
Project("{FAE04EC0-301F-11D3-BF4B-00C04F79EFBC}") = "VehicleRentalSystem", "VehicleRentalSystem\VehicleRentalSystem.csproj", "{58385B62-9238-46DC-96BE-1C3A6784FA99}"
EndProject
Global
	GlobalSection(SolutionConfigurationPlatforms) = preSolution
		Debug|Any CPU = Debug|Any CPU
		Release|Any CPU = Release|Any CPU
	EndGlobalSection
	GlobalSection(ProjectConfigurationPlatforms) = postSolution
		{58385B62-9238-46DC-96BE-1C3A6784FA99}.Debug|Any CPU.ActiveCfg = Debug|Any CPU
		{58385B62-9238-46DC-96BE-1C3A6784FA99}.Debug|Any CPU.Build.0 = Debug|Any CPU
		{58385B62-9238-46DC-96BE-1C3A6784FA99}.Release|Any CPU.ActiveCfg = Release|Any CPU
		{58385B62-9238-46DC-96BE-1C3A6784FA99}.Release|Any CPU.Build.0 = Release|Any CPU
	EndGlobalSection
	GlobalSection(SolutionProperties) = preSolution
		HideSolutionNode = FALSE
	EndGlobalSection
	GlobalSection(ExtensibilityGlobals) = postSolution
		SolutionGuid = {69A33475-74D8-4CD5-99E7-BB017441A7F7}
	EndGlobalSection
EndGlobal
